
Microsoft Visual Studio Solution File, Format Version 12.00
# Visual Studio Version 17
VisualStudioVersion = 17.9.34728.123
MinimumVisualStudioVersion = 10.0.40219.1
Project("{FAE04EC0-301F-11D3-BF4B-00C04F79EFBC}") = "HeThongDatThucAn", "HeThongDatThucAn\HeThongDatThucAn.csproj", "{88257FC4-E532-44B7-90E7-0B06D94BEC17}"
EndProject
Global
	GlobalSection(SolutionConfigurationPlatforms) = preSolution
		Debug|Any CPU = Debug|Any CPU
		Release|Any CPU = Release|Any CPU
	EndGlobalSection
	GlobalSection(ProjectConfigurationPlatforms) = postSolution
		{88257FC4-E532-44B7-90E7-0B06D94BEC17}.Debug|Any CPU.ActiveCfg = Debug|Any CPU
		{88257FC4-E532-44B7-90E7-0B06D94BEC17}.Debug|Any CPU.Build.0 = Debug|Any CPU
		{88257FC4-E532-44B7-90E7-0B06D94BEC17}.Release|Any CPU.ActiveCfg = Release|Any CPU
		{88257FC4-E532-44B7-90E7-0B06D94BEC17}.Release|Any CPU.Build.0 = Release|Any CPU
	EndGlobalSection
	GlobalSection(SolutionProperties) = preSolution
		HideSolutionNode = FALSE
	EndGlobalSection
	GlobalSection(ExtensibilityGlobals) = postSolution
		SolutionGuid = {339D489A-A527-463C-9001-0AD2D18B172B}
	EndGlobalSection
EndGlobal
